
Microsoft Visual Studio Solution File, Format Version 12.00
# Visual Studio 15
Project("{FAE04EC0-301F-11D3-BF4B-00C04F79EFBC}") = "Samurais Path", "Samurais Path.csproj", "{ED576669-B277-624A-4834-9AD2D9FD5253}"
EndProject
Global
	GlobalSection(SolutionConfigurationPlatforms) = preSolution
		Debug|Any CPU = Debug|Any CPU
		Release|Any CPU = Release|Any CPU
	EndGlobalSection
	GlobalSection(ProjectConfigurationPlatforms) = postSolution
		{ED576669-B277-624A-4834-9AD2D9FD5253}.Debug|Any CPU.ActiveCfg = Debug|Any CPU
		{ED576669-B277-624A-4834-9AD2D9FD5253}.Debug|Any CPU.Build.0 = Debug|Any CPU
		{ED576669-B277-624A-4834-9AD2D9FD5253}.Release|Any CPU.ActiveCfg = Release|Any CPU
		{ED576669-B277-624A-4834-9AD2D9FD5253}.Release|Any CPU.Build.0 = Release|Any CPU
	EndGlobalSection
	GlobalSection(SolutionProperties) = preSolution
		HideSolutionNode = FALSE
	EndGlobalSection
EndGlobal
